
Microsoft Visual Studio Solution File, Format Version 12.00
# Visual Studio Version 16
VisualStudioVersion = 16.0.30204.135
MinimumVisualStudioVersion = 10.0.40219.1
Project("{9A19103F-16F7-4668-BE54-9A1E7A4F7556}") = "CsvImporter", "CsvImporter\CsvImporter.csproj", "{9BCC4D87-99F9-4344-AEF4-8E9654904DAC}"
EndProject
Project("{FAE04EC0-301F-11D3-BF4B-00C04F79EFBC}") = "XUnitTestCsvImporter", "XUnitTestCsvImporter\XUnitTestCsvImporter.csproj", "{1C8A0B27-156F-49D5-967B-08612D580DD8}"
EndProject
Global
	GlobalSection(SolutionConfigurationPlatforms) = preSolution
		Debug|Any CPU = Debug|Any CPU
		Release|Any CPU = Release|Any CPU
	EndGlobalSection
	GlobalSection(ProjectConfigurationPlatforms) = postSolution
		{9BCC4D87-99F9-4344-AEF4-8E9654904DAC}.Debug|Any CPU.ActiveCfg = Debug|Any CPU
		{9BCC4D87-99F9-4344-AEF4-8E9654904DAC}.Debug|Any CPU.Build.0 = Debug|Any CPU
		{9BCC4D87-99F9-4344-AEF4-8E9654904DAC}.Release|Any CPU.ActiveCfg = Release|Any CPU
		{9BCC4D87-99F9-4344-AEF4-8E9654904DAC}.Release|Any CPU.Build.0 = Release|Any CPU
		{1C8A0B27-156F-49D5-967B-08612D580DD8}.Debug|Any CPU.ActiveCfg = Debug|Any CPU
		{1C8A0B27-156F-49D5-967B-08612D580DD8}.Debug|Any CPU.Build.0 = Debug|Any CPU
		{1C8A0B27-156F-49D5-967B-08612D580DD8}.Release|Any CPU.ActiveCfg = Release|Any CPU
		{1C8A0B27-156F-49D5-967B-08612D580DD8}.Release|Any CPU.Build.0 = Release|Any CPU
	EndGlobalSection
	GlobalSection(SolutionProperties) = preSolution
		HideSolutionNode = FALSE
	EndGlobalSection
	GlobalSection(ExtensibilityGlobals) = postSolution
		SolutionGuid = {FC607BBA-24B7-4E09-BD2F-5080946C558E}
	EndGlobalSection
EndGlobal
